// !$*UTF8*$!
{
	archiveVersion = 1;
	classes = {
	};
	objectVersion = 56;
	objects = {

/* Begin PBXBuildFile section */
		D75387882BB462BB00FE77F6 /* ItalianMetroAppApp.swift in Sources */ = {isa = PBXBuildFile; fileRef = D75387872BB462BB00FE77F6 /* ItalianMetroAppApp.swift */; };
		D753878A2BB462BB00FE77F6 /* ContentView.swift in Sources */ = {isa = PBXBuildFile; fileRef = D75387892BB462BB00FE77F6 /* ContentView.swift */; };
		D753878C2BB462BD00FE77F6 /* Assets.xcassets in Resources */ = {isa = PBXBuildFile; fileRef = D753878B2BB462BD00FE77F6 /* Assets.xcassets */; };
		D753878F2BB462BD00FE77F6 /* Preview Assets.xcassets in Resources */ = {isa = PBXBuildFile; fileRef = D753878E2BB462BD00FE77F6 /* Preview Assets.xcassets */; };
		D75387912BB462BD00FE77F6 /* Persistence.swift in Sources */ = {isa = PBXBuildFile; fileRef = D75387902BB462BD00FE77F6 /* Persistence.swift */; };
		D75387942BB462BD00FE77F6 /* ItalianMetroApp.xcdatamodeld in Sources */ = {isa = PBXBuildFile; fileRef = D75387922BB462BD00FE77F6 /* ItalianMetroApp.xcdatamodeld */; };
		D753879B2BB4631500FE77F6 /* StationModel.swift in Sources */ = {isa = PBXBuildFile; fileRef = D753879A2BB4631500FE77F6 /* StationModel.swift */; };
		D753879D2BB4697300FE77F6 /* MetroMapViewModel.swift in Sources */ = {isa = PBXBuildFile; fileRef = D753879C2BB4697300FE77F6 /* MetroMapViewModel.swift */; };
		D753879F2BB4699000FE77F6 /* ConnectionModel.swift in Sources */ = {isa = PBXBuildFile; fileRef = D753879E2BB4699000FE77F6 /* ConnectionModel.swift */; };
		D75387A12BB469A200FE77F6 /* MetroMapModel.swift in Sources */ = {isa = PBXBuildFile; fileRef = D75387A02BB469A200FE77F6 /* MetroMapModel.swift */; };
/* End PBXBuildFile section */

/* Begin PBXFileReference section */
		D75387842BB462BB00FE77F6 /* ItalianMetroApp.app */ = {isa = PBXFileReference; explicitFileType = wrapper.application; includeInIndex = 0; path = ItalianMetroApp.app; sourceTree = BUILT_PRODUCTS_DIR; };
		D75387872BB462BB00FE77F6 /* ItalianMetroAppApp.swift */ = {isa = PBXFileReference; lastKnownFileType = sourcecode.swift; path = ItalianMetroAppApp.swift; sourceTree = "<group>"; };
		D75387892BB462BB00FE77F6 /* ContentView.swift */ = {isa = PBXFileReference; lastKnownFileType = sourcecode.swift; path = ContentView.swift; sourceTree = "<group>"; };
		D753878B2BB462BD00FE77F6 /* Assets.xcassets */ = {isa = PBXFileReference; lastKnownFileType = folder.assetcatalog; path = Assets.xcassets; sourceTree = "<group>"; };
		D753878E2BB462BD00FE77F6 /* Preview Assets.xcassets */ = {isa = PBXFileReference; lastKnownFileType = folder.assetcatalog; path = "Preview Assets.xcassets"; sourceTree = "<group>"; };
		D75387902BB462BD00FE77F6 /* Persistence.swift */ = {isa = PBXFileReference; lastKnownFileType = sourcecode.swift; path = Persistence.swift; sourceTree = "<group>"; };
		D75387932BB462BD00FE77F6 /* ItalianMetroApp.xcdatamodel */ = {isa = PBXFileReference; lastKnownFileType = wrapper.xcdatamodel; path = ItalianMetroApp.xcdatamodel; sourceTree = "<group>"; };
		D753879A2BB4631500FE77F6 /* StationModel.swift */ = {isa = PBXFileReference; lastKnownFileType = sourcecode.swift; path = StationModel.swift; sourceTree = "<group>"; };
		D753879C2BB4697300FE77F6 /* MetroMapViewModel.swift */ = {isa = PBXFileReference; lastKnownFileType = sourcecode.swift; path = MetroMapViewModel.swift; sourceTree = "<group>"; };
		D753879E2BB4699000FE77F6 /* ConnectionModel.swift */ = {isa = PBXFileReference; lastKnownFileType = sourcecode.swift; path = ConnectionModel.swift; sourceTree = "<group>"; };
		D75387A02BB469A200FE77F6 /* MetroMapModel.swift */ = {isa = PBXFileReference; lastKnownFileType = sourcecode.swift; path = MetroMapModel.swift; sourceTree = "<group>"; };
/* End PBXFileReference section */

/* Begin PBXFrameworksBuildPhase section */
		D75387812BB462BB00FE77F6 /* Frameworks */ = {
			isa = PBXFrameworksBuildPhase;
			buildActionMask = 2147483647;
			files = (
			);
			runOnlyForDeploymentPostprocessing = 0;
		};
/* End PBXFrameworksBuildPhase section */

/* Begin PBXGroup section */
		D753877B2BB462BB00FE77F6 = {
			isa = PBXGroup;
			children = (
				D75387862BB462BB00FE77F6 /* ItalianMetroApp */,
				D75387852BB462BB00FE77F6 /* Products */,
			);
			sourceTree = "<group>";
		};
		D75387852BB462BB00FE77F6 /* Products */ = {
			isa = PBXGroup;
			children = (
				D75387842BB462BB00FE77F6 /* ItalianMetroApp.app */,
			);
			name = Products;
			sourceTree = "<group>";
		};
		D75387862BB462BB00FE77F6 /* ItalianMetroApp */ = {
			isa = PBXGroup;
			children = (
				D75387872BB462BB00FE77F6 /* ItalianMetroAppApp.swift */,
				D75387892BB462BB00FE77F6 /* ContentView.swift */,
				D75387A32BB46AC800FE77F6 /* ViewModels */,
				D75387A22BB46AC200FE77F6 /* Models */,
				D753878B2BB462BD00FE77F6 /* Assets.xcassets */,
				D75387902BB462BD00FE77F6 /* Persistence.swift */,
				D75387922BB462BD00FE77F6 /* ItalianMetroApp.xcdatamodeld */,
				D753878D2BB462BD00FE77F6 /* Preview Content */,
			);
			path = ItalianMetroApp;
			sourceTree = "<group>";
		};
		D753878D2BB462BD00FE77F6 /* Preview Content */ = {
			isa = PBXGroup;
			children = (
				D753878E2BB462BD00FE77F6 /* Preview Assets.xcassets */,
			);
			path = "Preview Content";
			sourceTree = "<group>";
		};
		D75387A22BB46AC200FE77F6 /* Models */ = {
			isa = PBXGroup;
			children = (
				D75387A02BB469A200FE77F6 /* MetroMapModel.swift */,
				D753879A2BB4631500FE77F6 /* StationModel.swift */,
				D753879E2BB4699000FE77F6 /* ConnectionModel.swift */,
			);
			path = Models;
			sourceTree = "<group>";
		};
		D75387A32BB46AC800FE77F6 /* ViewModels */ = {
			isa = PBXGroup;
			children = (
				D753879C2BB4697300FE77F6 /* MetroMapViewModel.swift */,
			);
			path = ViewModels;
			sourceTree = "<group>";
		};
/* End PBXGroup section */

/* Begin PBXNativeTarget section */
		D75387832BB462BB00FE77F6 /* ItalianMetroApp */ = {
			isa = PBXNativeTarget;
			buildConfigurationList = D75387972BB462BD00FE77F6 /* Build configuration list for PBXNativeTarget "ItalianMetroApp" */;
			buildPhases = (
				D75387802BB462BB00FE77F6 /* Sources */,
				D75387812BB462BB00FE77F6 /* Frameworks */,
				D75387822BB462BB00FE77F6 /* Resources */,
			);
			buildRules = (
			);
			dependencies = (
			);
			name = ItalianMetroApp;
			productName = ItalianMetroApp;
			productReference = D75387842BB462BB00FE77F6 /* ItalianMetroApp.app */;
			productType = "com.apple.product-type.application";
		};
/* End PBXNativeTarget section */

/* Begin PBXProject section */
		D753877C2BB462BB00FE77F6 /* Project object */ = {
			isa = PBXProject;
			attributes = {
				BuildIndependentTargetsInParallel = 1;
				LastSwiftUpdateCheck = 1520;
				LastUpgradeCheck = 1520;
				TargetAttributes = {
					D75387832BB462BB00FE77F6 = {
						CreatedOnToolsVersion = 15.2;
					};
				};
			};
			buildConfigurationList = D753877F2BB462BB00FE77F6 /* Build configuration list for PBXProject "ItalianMetroApp" */;
			compatibilityVersion = "Xcode 14.0";
			developmentRegion = en;
			hasScannedForEncodings = 0;
			knownRegions = (
				en,
				Base,
			);
			mainGroup = D753877B2BB462BB00FE77F6;
			productRefGroup = D75387852BB462BB00FE77F6 /* Products */;
			projectDirPath = "";
			projectRoot = "";
			targets = (
				D75387832BB462BB00FE77F6 /* ItalianMetroApp */,
			);
		};
/* End PBXProject section */

/* Begin PBXResourcesBuildPhase section */
		D75387822BB462BB00FE77F6 /* Resources */ = {
			isa = PBXResourcesBuildPhase;
			buildActionMask = 2147483647;
			files = (
				D753878F2BB462BD00FE77F6 /* Preview Assets.xcassets in Resources */,
				D753878C2BB462BD00FE77F6 /* Assets.xcassets in Resources */,
			);
			runOnlyForDeploymentPostprocessing = 0;
		};
/* End PBXResourcesBuildPhase section */

/* Begin PBXSourcesBuildPhase section */
		D75387802BB462BB00FE77F6 /* Sources */ = {
			isa = PBXSourcesBuildPhase;
			buildActionMask = 2147483647;
			files = (
				D75387912BB462BD00FE77F6 /* Persistence.swift in Sources */,
				D753878A2BB462BB00FE77F6 /* ContentView.swift in Sources */,
				D753879B2BB4631500FE77F6 /* StationModel.swift in Sources */,
				D753879D2BB4697300FE77F6 /* MetroMapViewModel.swift in Sources */,
				D75387A12BB469A200FE77F6 /* MetroMapModel.swift in Sources */,
				D75387942BB462BD00FE77F6 /* ItalianMetroApp.xcdatamodeld in Sources */,
				D753879F2BB4699000FE77F6 /* ConnectionModel.swift in Sources */,
				D75387882BB462BB00FE77F6 /* ItalianMetroAppApp.swift in Sources */,
			);
			runOnlyForDeploymentPostprocessing = 0;
		};
/* End PBXSourcesBuildPhase section */

/* Begin XCBuildConfiguration section */
		D75387952BB462BD00FE77F6 /* Debug */ = {
			isa = XCBuildConfiguration;
			buildSettings = {
				ALWAYS_SEARCH_USER_PATHS = NO;
				ASSETCATALOG_COMPILER_GENERATE_SWIFT_ASSET_SYMBOL_EXTENSIONS = YES;
				CLANG_ANALYZER_NONNULL = YES;
				CLANG_ANALYZER_NUMBER_OBJECT_CONVERSION = YES_AGGRESSIVE;
				CLANG_CXX_LANGUAGE_STANDARD = "gnu++20";
				CLANG_ENABLE_MODULES = YES;
				CLANG_ENABLE_OBJC_ARC = YES;
				CLANG_ENABLE_OBJC_WEAK = YES;
				CLANG_WARN_BLOCK_CAPTURE_AUTORELEASING = YES;
				CLANG_WARN_BOOL_CONVERSION = YES;
				CLANG_WARN_COMMA = YES;
				CLANG_WARN_CONSTANT_CONVERSION = YES;
				CLANG_WARN_DEPRECATED_OBJC_IMPLEMENTATIONS = YES;
				CLANG_WARN_DIRECT_OBJC_ISA_USAGE = YES_ERROR;
				CLANG_WARN_DOCUMENTATION_COMMENTS = YES;
				CLANG_WARN_EMPTY_BODY = YES;
				CLANG_WARN_ENUM_CONVERSION = YES;
				CLANG_WARN_INFINITE_RECURSION = YES;
				CLANG_WARN_INT_CONVERSION = YES;
				CLANG_WARN_NON_LITERAL_NULL_CONVERSION = YES;
				CLANG_WARN_OBJC_IMPLICIT_RETAIN_SELF = YES;
				CLANG_WARN_OBJC_LITERAL_CONVERSION = YES;
				CLANG_WARN_OBJC_ROOT_CLASS = YES_ERROR;
				CLANG_WARN_QUOTED_INCLUDE_IN_FRAMEWORK_HEADER = YES;
				CLANG_WARN_RANGE_LOOP_ANALYSIS = YES;
				CLANG_WARN_STRICT_PROTOTYPES = YES;
				CLANG_WARN_SUSPICIOUS_MOVE = YES;
				CLANG_WARN_UNGUARDED_AVAILABILITY = YES_AGGRESSIVE;
				CLANG_WARN_UNREACHABLE_CODE = YES;
				CLANG_WARN__DUPLICATE_METHOD_MATCH = YES;
				COPY_PHASE_STRIP = NO;
				DEBUG_INFORMATION_FORMAT = dwarf;
				ENABLE_STRICT_OBJC_MSGSEND = YES;
				ENABLE_TESTABILITY = YES;
				ENABLE_USER_SCRIPT_SANDBOXING = YES;
				GCC_C_LANGUAGE_STANDARD = gnu17;
				GCC_DYNAMIC_NO_PIC = NO;
				GCC_NO_COMMON_BLOCKS = YES;
				GCC_OPTIMIZATION_LEVEL = 0;
				GCC_PREPROCESSOR_DEFINITIONS = (
					"DEBUG=1",
					"$(inherited)",
				);
				GCC_WARN_64_TO_32_BIT_CONVERSION = YES;
				GCC_WARN_ABOUT_RETURN_TYPE = YES_ERROR;
				GCC_WARN_UNDECLARED_SELECTOR = YES;
				GCC_WARN_UNINITIALIZED_AUTOS = YES_AGGRESSIVE;
				GCC_WARN_UNUSED_FUNCTION = YES;
				GCC_WARN_UNUSED_VARIABLE = YES;
				IPHONEOS_DEPLOYMENT_TARGET = 17.2;
				LOCALIZATION_PREFERS_STRING_CATALOGS = YES;
				MTL_ENABLE_DEBUG_INFO = INCLUDE_SOURCE;
				MTL_FAST_MATH = YES;
				ONLY_ACTIVE_ARCH = YES;
				SDKROOT = iphoneos;
				SWIFT_ACTIVE_COMPILATION_CONDITIONS = "DEBUG $(inherited)";
				SWIFT_OPTIMIZATION_LEVEL = "-Onone";
			};
			name = Debug;
		};
		D75387962BB462BD00FE77F6 /* Release */ = {
			isa = XCBuildConfiguration;
			buildSettings = {
				ALWAYS_SEARCH_USER_PATHS = NO;
				ASSETCATALOG_COMPILER_GENERATE_SWIFT_ASSET_SYMBOL_EXTENSIONS = YES;
				CLANG_ANALYZER_NONNULL = YES;
				CLANG_ANALYZER_NUMBER_OBJECT_CONVERSION = YES_AGGRESSIVE;
				CLANG_CXX_LANGUAGE_STANDARD = "gnu++20";
				CLANG_ENABLE_MODULES = YES;
				CLANG_ENABLE_OBJC_ARC = YES;
				CLANG_ENABLE_OBJC_WEAK = YES;
				CLANG_WARN_BLOCK_CAPTURE_AUTORELEASING = YES;
				CLANG_WARN_BOOL_CONVERSION = YES;
				CLANG_WARN_COMMA = YES;
				CLANG_WARN_CONSTANT_CONVERSION = YES;
				CLANG_WARN_DEPRECATED_OBJC_IMPLEMENTATIONS = YES;
				CLANG_WARN_DIRECT_OBJC_ISA_USAGE = YES_ERROR;
				CLANG_WARN_DOCUMENTATION_COMMENTS = YES;
				CLANG_WARN_EMPTY_BODY = YES;
				CLANG_WARN_ENUM_CONVERSION = YES;
				CLANG_WARN_INFINITE_RECURSION = YES;
				CLANG_WARN_INT_CONVERSION = YES;
				CLANG_WARN_NON_LITERAL_NULL_CONVERSION = YES;
				CLANG_WARN_OBJC_IMPLICIT_RETAIN_SELF = YES;
				CLANG_WARN_OBJC_LITERAL_CONVERSION = YES;
				CLANG_WARN_OBJC_ROOT_CLASS = YES_ERROR;
				CLANG_WARN_QUOTED_INCLUDE_IN_FRAMEWORK_HEADER = YES;
				CLANG_WARN_RANGE_LOOP_ANALYSIS = YES;
				CLANG_WARN_STRICT_PROTOTYPES = YES;
				CLANG_WARN_SUSPICIOUS_MOVE = YES;
				CLANG_WARN_UNGUARDED_AVAILABILITY = YES_AGGRESSIVE;
				CLANG_WARN_UNREACHABLE_CODE = YES;
				CLANG_WARN__DUPLICATE_METHOD_MATCH = YES;
				COPY_PHASE_STRIP = NO;
				DEBUG_INFORMATION_FORMAT = "dwarf-with-dsym";
				ENABLE_NS_ASSERTIONS = NO;
				ENABLE_STRICT_OBJC_MSGSEND = YES;
				ENABLE_USER_SCRIPT_SANDBOXING = YES;
				GCC_C_LANGUAGE_STANDARD = gnu17;
				GCC_NO_COMMON_BLOCKS = YES;
				GCC_WARN_64_TO_32_BIT_CONVERSION = YES;
				GCC_WARN_ABOUT_RETURN_TYPE = YES_ERROR;
				GCC_WARN_UNDECLARED_SELECTOR = YES;
				GCC_WARN_UNINITIALIZED_AUTOS = YES_AGGRESSIVE;
				GCC_WARN_UNUSED_FUNCTION = YES;
				GCC_WARN_UNUSED_VARIABLE = YES;
				IPHONEOS_DEPLOYMENT_TARGET = 17.2;
				LOCALIZATION_PREFERS_STRING_CATALOGS = YES;
				MTL_ENABLE_DEBUG_INFO = NO;
				MTL_FAST_MATH = YES;
				SDKROOT = iphoneos;
				SWIFT_COMPILATION_MODE = wholemodule;
				VALIDATE_PRODUCT = YES;
			};
			name = Release;
		};
		D75387982BB462BD00FE77F6 /* Debug */ = {
			isa = XCBuildConfiguration;
			buildSettings = {
				ASSETCATALOG_COMPILER_APPICON_NAME = AppIcon;
				ASSETCATALOG_COMPILER_GLOBAL_ACCENT_COLOR_NAME = AccentColor;
				CODE_SIGN_STYLE = Automatic;
				CURRENT_PROJECT_VERSION = 1;
				DEVELOPMENT_ASSET_PATHS = "\"ItalianMetroApp/Preview Content\"";
				DEVELOPMENT_TEAM = U9JXWD2ZKD;
				ENABLE_PREVIEWS = YES;
				GENERATE_INFOPLIST_FILE = YES;
				INFOPLIST_KEY_UIApplicationSceneManifest_Generation = YES;
				INFOPLIST_KEY_UIApplicationSupportsIndirectInputEvents = YES;
				INFOPLIST_KEY_UILaunchScreen_Generation = YES;
				INFOPLIST_KEY_UISupportedInterfaceOrientations_iPad = "UIInterfaceOrientationPortrait UIInterfaceOrientationPortraitUpsideDown UIInterfaceOrientationLandscapeLeft UIInterfaceOrientationLandscapeRight";
				INFOPLIST_KEY_UISupportedInterfaceOrientations_iPhone = "UIInterfaceOrientationPortrait UIInterfaceOrientationLandscapeLeft UIInterfaceOrientationLandscapeRight";
				LD_RUNPATH_SEARCH_PATHS = (
					"$(inherited)",
					"@executable_path/Frameworks",
				);
				MARKETING_VERSION = 1.0;
				PRODUCT_BUNDLE_IDENTIFIER = sashamoroz.ItalianMetroApp;
				PRODUCT_NAME = "$(TARGET_NAME)";
				SWIFT_EMIT_LOC_STRINGS = YES;
				SWIFT_VERSION = 5.0;
				TARGETED_DEVICE_FAMILY = "1,2";
			};
			name = Debug;
		};
		D75387992BB462BD00FE77F6 /* Release */ = {
			isa = XCBuildConfiguration;
			buildSettings = {
				ASSETCATALOG_COMPILER_APPICON_NAME = AppIcon;
				ASSETCATALOG_COMPILER_GLOBAL_ACCENT_COLOR_NAME = AccentColor;
				CODE_SIGN_STYLE = Automatic;
				CURRENT_PROJECT_VERSION = 1;
				DEVELOPMENT_ASSET_PATHS = "\"ItalianMetroApp/Preview Content\"";
				DEVELOPMENT_TEAM = U9JXWD2ZKD;
				ENABLE_PREVIEWS = YES;
				GENERATE_INFOPLIST_FILE = YES;
				INFOPLIST_KEY_UIApplicationSceneManifest_Generation = YES;
				INFOPLIST_KEY_UIApplicationSupportsIndirectInputEvents = YES;
				INFOPLIST_KEY_UILaunchScreen_Generation = YES;
				INFOPLIST_KEY_UISupportedInterfaceOrientations_iPad = "UIInterfaceOrientationPortrait UIInterfaceOrientationPortraitUpsideDown UIInterfaceOrientationLandscapeLeft UIInterfaceOrientationLandscapeRight";
				INFOPLIST_KEY_UISupportedInterfaceOrientations_iPhone = "UIInterfaceOrientationPortrait UIInterfaceOrientationLandscapeLeft UIInterfaceOrientationLandscapeRight";
				LD_RUNPATH_SEARCH_PATHS = (
					"$(inherited)",
					"@executable_path/Frameworks",
				);
				MARKETING_VERSION = 1.0;
				PRODUCT_BUNDLE_IDENTIFIER = sashamoroz.ItalianMetroApp;
				PRODUCT_NAME = "$(TARGET_NAME)";
				SWIFT_EMIT_LOC_STRINGS = YES;
				SWIFT_VERSION = 5.0;
				TARGETED_DEVICE_FAMILY = "1,2";
			};
			name = Release;
		};
/* End XCBuildConfiguration section */

/* Begin XCConfigurationList section */
		D753877F2BB462BB00FE77F6 /* Build configuration list for PBXProject "ItalianMetroApp" */ = {
			isa = XCConfigurationList;
			buildConfigurations = (
				D75387952BB462BD00FE77F6 /* Debug */,
				D75387962BB462BD00FE77F6 /* Release */,
			);
			defaultConfigurationIsVisible = 0;
			defaultConfigurationName = Release;
		};
		D75387972BB462BD00FE77F6 /* Build configuration list for PBXNativeTarget "ItalianMetroApp" */ = {
			isa = XCConfigurationList;
			buildConfigurations = (
				D75387982BB462BD00FE77F6 /* Debug */,
				D75387992BB462BD00FE77F6 /* Release */,
			);
			defaultConfigurationIsVisible = 0;
			defaultConfigurationName = Release;
		};
/* End XCConfigurationList section */

/* Begin XCVersionGroup section */
		D75387922BB462BD00FE77F6 /* ItalianMetroApp.xcdatamodeld */ = {
			isa = XCVersionGroup;
			children = (
				D75387932BB462BD00FE77F6 /* ItalianMetroApp.xcdatamodel */,
			);
			currentVersion = D75387932BB462BD00FE77F6 /* ItalianMetroApp.xcdatamodel */;
			path = ItalianMetroApp.xcdatamodeld;
			sourceTree = "<group>";
			versionGroupType = wrapper.xcdatamodel;
		};
/* End XCVersionGroup section */
	};
	rootObject = D753877C2BB462BB00FE77F6 /* Project object */;
}
